
Microsoft Visual Studio Solution File, Format Version 12.00
# Visual Studio 15
VisualStudioVersion = 15.0.28010.2036
MinimumVisualStudioVersion = 10.0.40219.1
Project("{8BC9CEB8-8B4A-11D0-8D11-00A0C91BC942}") = "testCompressor03", "testCompressor03.vcxproj", "{1F7B4AC4-A391-4B7F-B528-E49DCD556004}"
EndProject
Global
	GlobalSection(Performance) = preSolution
		HasPerformanceSessions = true
	EndGlobalSection
	GlobalSection(SolutionConfigurationPlatforms) = preSolution
		Debug|x64 = Debug|x64
		Debug|x86 = Debug|x86
		Release|x64 = Release|x64
		Release|x86 = Release|x86
	EndGlobalSection
	GlobalSection(ProjectConfigurationPlatforms) = postSolution
		{1F7B4AC4-A391-4B7F-B528-E49DCD556004}.Debug|x64.ActiveCfg = Debug|x64
		{1F7B4AC4-A391-4B7F-B528-E49DCD556004}.Debug|x64.Build.0 = Debug|x64
		{1F7B4AC4-A391-4B7F-B528-E49DCD556004}.Debug|x86.ActiveCfg = Debug|Win32
		{1F7B4AC4-A391-4B7F-B528-E49DCD556004}.Debug|x86.Build.0 = Debug|Win32
		{1F7B4AC4-A391-4B7F-B528-E49DCD556004}.Release|x64.ActiveCfg = Release|x64
		{1F7B4AC4-A391-4B7F-B528-E49DCD556004}.Release|x64.Build.0 = Release|x64
		{1F7B4AC4-A391-4B7F-B528-E49DCD556004}.Release|x86.ActiveCfg = Release|Win32
		{1F7B4AC4-A391-4B7F-B528-E49DCD556004}.Release|x86.Build.0 = Release|Win32
	EndGlobalSection
	GlobalSection(SolutionProperties) = preSolution
		HideSolutionNode = FALSE
	EndGlobalSection
	GlobalSection(ExtensibilityGlobals) = postSolution
		SolutionGuid = {0457B24D-5595-402E-B912-4CD761194C1E}
	EndGlobalSection
EndGlobal
